
Microsoft Visual Studio Solution File, Format Version 12.00
# Visual Studio Version 16
VisualStudioVersion = 16.0.34031.81
MinimumVisualStudioVersion = 10.0.40219.1
Project("{2150E333-8FDC-42A3-9474-1A3956D46DE8}") = "Task0", "Task0", "{7F1D0F3B-DA09-48EB-9EED-71E8E2809563}"
EndProject
Project("{FAE04EC0-301F-11D3-BF4B-00C04F79EFBC}") = "Tyuiu.ChebulaevAG.Sprint1.Task0.V0", "Tyuiu.ChebulaevAG.Sprint1.Task0.V0\Tyuiu.ChebulaevAG.Sprint1.Task0.V0.csproj", "{2B5B703D-DDD8-4D53-BF6B-9C6EEC3C6C68}"
EndProject
Project("{FAE04EC0-301F-11D3-BF4B-00C04F79EFBC}") = "Tyuiu.ChebulaevAG.Sprint1.Task0.V0.Lib", "Tyuiu.ChebulaevAG.Sprint1.Task0.V0.Lib\Tyuiu.ChebulaevAG.Sprint1.Task0.V0.Lib.csproj", "{11B215C1-C57C-4DAE-A7C9-132FA2EB54DF}"
EndProject
Project("{FAE04EC0-301F-11D3-BF4B-00C04F79EFBC}") = "Tyuiu.ChebulaevAG.Sprint1.Task0.V0.Test", "Tyuiu.ChebulaevAG.Sprint1.Task0.V0.Test\Tyuiu.ChebulaevAG.Sprint1.Task0.V0.Test.csproj", "{976003C0-58BB-4617-9E25-29660F573DB9}"
EndProject
Project("{FAE04EC0-301F-11D3-BF4B-00C04F79EFBC}") = "Tyuiu.ChebulaevAG.Sprint1.Task0.V24", "Tyuiu.ChebulaevAG.Sprint1.Task0.V24\Tyuiu.ChebulaevAG.Sprint1.Task0.V24.csproj", "{404506D1-2A78-4068-B747-A815B510DA44}"
EndProject
Project("{FAE04EC0-301F-11D3-BF4B-00C04F79EFBC}") = "Tyuiu.ChebulaevAG.Sprint1.Task0.V24.Lib", "Tyuiu.ChebulaevAG.Sprint1.Task0.V24.Lib\Tyuiu.ChebulaevAG.Sprint1.Task0.V24.Lib.csproj", "{5B43BBC5-A3CA-4229-8D29-1E654ADC405C}"
EndProject
Project("{FAE04EC0-301F-11D3-BF4B-00C04F79EFBC}") = "Tyuiu.ChebulaevAG.Sprint1.Task0.V24.Test", "Tyuiu.ChebulaevAG.Sprint1.Task0.V24.Test\Tyuiu.ChebulaevAG.Sprint1.Task0.V24.Test.csproj", "{77E7CC5C-A610-4DC5-A993-6C1BF5DBB3A1}"
EndProject
Project("{2150E333-8FDC-42A3-9474-1A3956D46DE8}") = "Task1", "Task1", "{9D3E84FE-CAFE-4209-A718-F8C9AF249E5B}"
EndProject
Project("{FAE04EC0-301F-11D3-BF4B-00C04F79EFBC}") = "Tyuiu.ChebulaevAG.Sprint1.Task1.V0", "Tyuiu.ChebulaevAG.Sprint1.Task1.V0\Tyuiu.ChebulaevAG.Sprint1.Task1.V0.csproj", "{0D79F0D7-7C58-49BA-BC72-E3DA2DEA57D8}"
EndProject
Project("{FAE04EC0-301F-11D3-BF4B-00C04F79EFBC}") = "Tyuiu.ChebulaevAG.Sprint1.Task1.V0.Lib", "Tyuiu.ChebulaevAG.Sprint1.Task1.V0.Lib\Tyuiu.ChebulaevAG.Sprint1.Task1.V0.Lib.csproj", "{4131096F-C873-41AE-BBCA-63D9C7ECA5D9}"
EndProject
Project("{FAE04EC0-301F-11D3-BF4B-00C04F79EFBC}") = "Tyuiu.ChebulaevAG.Sprint1.Task1.V0.Test", "Tyuiu.ChebulaevAG.Sprint1.Task1.V0.Test\Tyuiu.ChebulaevAG.Sprint1.Task1.V0.Test.csproj", "{8E560A9E-C768-4F35-A3C2-DA78A4D478CD}"
EndProject
Project("{FAE04EC0-301F-11D3-BF4B-00C04F79EFBC}") = "Tyuiu.ChebulaevAG.Sprint1.Task1.V23", "Tyuiu.ChebulaevAG.Sprint1.Task1.V23\Tyuiu.ChebulaevAG.Sprint1.Task1.V23.csproj", "{EAEF21D7-0742-4263-A8AB-54317CF73C88}"
EndProject
Project("{FAE04EC0-301F-11D3-BF4B-00C04F79EFBC}") = "Tyuiu.ChebulaevAG.Sprint1.Task1.V23.Lib", "Tyuiu.ChebulaevAG.Sprint1.Task1.V23.Lib\Tyuiu.ChebulaevAG.Sprint1.Task1.V23.Lib.csproj", "{6E702E36-49BD-41ED-A6DB-EEB955CB9687}"
EndProject
Project("{FAE04EC0-301F-11D3-BF4B-00C04F79EFBC}") = "Tyuiu.ChebulaevAG.Sprint1.Task1.V23.Test", "Tyuiu.ChebulaevAG.Sprint1.Task1.V23.Test\Tyuiu.ChebulaevAG.Sprint1.Task1.V23.Test.csproj", "{DCA88D03-2AD7-4B82-BDA6-35B3A5895EB1}"
EndProject
Global
	GlobalSection(SolutionConfigurationPlatforms) = preSolution
		Debug|Any CPU = Debug|Any CPU
		Release|Any CPU = Release|Any CPU
	EndGlobalSection
	GlobalSection(ProjectConfigurationPlatforms) = postSolution
		{2B5B703D-DDD8-4D53-BF6B-9C6EEC3C6C68}.Debug|Any CPU.ActiveCfg = Debug|Any CPU
		{2B5B703D-DDD8-4D53-BF6B-9C6EEC3C6C68}.Debug|Any CPU.Build.0 = Debug|Any CPU
		{2B5B703D-DDD8-4D53-BF6B-9C6EEC3C6C68}.Release|Any CPU.ActiveCfg = Release|Any CPU
		{2B5B703D-DDD8-4D53-BF6B-9C6EEC3C6C68}.Release|Any CPU.Build.0 = Release|Any CPU
		{11B215C1-C57C-4DAE-A7C9-132FA2EB54DF}.Debug|Any CPU.ActiveCfg = Debug|Any CPU
		{11B215C1-C57C-4DAE-A7C9-132FA2EB54DF}.Debug|Any CPU.Build.0 = Debug|Any CPU
		{11B215C1-C57C-4DAE-A7C9-132FA2EB54DF}.Release|Any CPU.ActiveCfg = Release|Any CPU
		{11B215C1-C57C-4DAE-A7C9-132FA2EB54DF}.Release|Any CPU.Build.0 = Release|Any CPU
		{976003C0-58BB-4617-9E25-29660F573DB9}.Debug|Any CPU.ActiveCfg = Debug|Any CPU
		{976003C0-58BB-4617-9E25-29660F573DB9}.Debug|Any CPU.Build.0 = Debug|Any CPU
		{976003C0-58BB-4617-9E25-29660F573DB9}.Release|Any CPU.ActiveCfg = Release|Any CPU
		{976003C0-58BB-4617-9E25-29660F573DB9}.Release|Any CPU.Build.0 = Release|Any CPU
		{404506D1-2A78-4068-B747-A815B510DA44}.Debug|Any CPU.ActiveCfg = Debug|Any CPU
		{404506D1-2A78-4068-B747-A815B510DA44}.Debug|Any CPU.Build.0 = Debug|Any CPU
		{404506D1-2A78-4068-B747-A815B510DA44}.Release|Any CPU.ActiveCfg = Release|Any CPU
		{404506D1-2A78-4068-B747-A815B510DA44}.Release|Any CPU.Build.0 = Release|Any CPU
		{5B43BBC5-A3CA-4229-8D29-1E654ADC405C}.Debug|Any CPU.ActiveCfg = Debug|Any CPU
		{5B43BBC5-A3CA-4229-8D29-1E654ADC405C}.Debug|Any CPU.Build.0 = Debug|Any CPU
		{5B43BBC5-A3CA-4229-8D29-1E654ADC405C}.Release|Any CPU.ActiveCfg = Release|Any CPU
		{5B43BBC5-A3CA-4229-8D29-1E654ADC405C}.Release|Any CPU.Build.0 = Release|Any CPU
		{77E7CC5C-A610-4DC5-A993-6C1BF5DBB3A1}.Debug|Any CPU.ActiveCfg = Debug|Any CPU
		{77E7CC5C-A610-4DC5-A993-6C1BF5DBB3A1}.Debug|Any CPU.Build.0 = Debug|Any CPU
		{77E7CC5C-A610-4DC5-A993-6C1BF5DBB3A1}.Release|Any CPU.ActiveCfg = Release|Any CPU
		{77E7CC5C-A610-4DC5-A993-6C1BF5DBB3A1}.Release|Any CPU.Build.0 = Release|Any CPU
		{0D79F0D7-7C58-49BA-BC72-E3DA2DEA57D8}.Debug|Any CPU.ActiveCfg = Debug|Any CPU
		{0D79F0D7-7C58-49BA-BC72-E3DA2DEA57D8}.Debug|Any CPU.Build.0 = Debug|Any CPU
		{0D79F0D7-7C58-49BA-BC72-E3DA2DEA57D8}.Release|Any CPU.ActiveCfg = Release|Any CPU
		{0D79F0D7-7C58-49BA-BC72-E3DA2DEA57D8}.Release|Any CPU.Build.0 = Release|Any CPU
		{4131096F-C873-41AE-BBCA-63D9C7ECA5D9}.Debug|Any CPU.ActiveCfg = Debug|Any CPU
		{4131096F-C873-41AE-BBCA-63D9C7ECA5D9}.Debug|Any CPU.Build.0 = Debug|Any CPU
		{4131096F-C873-41AE-BBCA-63D9C7ECA5D9}.Release|Any CPU.ActiveCfg = Release|Any CPU
		{4131096F-C873-41AE-BBCA-63D9C7ECA5D9}.Release|Any CPU.Build.0 = Release|Any CPU
		{8E560A9E-C768-4F35-A3C2-DA78A4D478CD}.Debug|Any CPU.ActiveCfg = Debug|Any CPU
		{8E560A9E-C768-4F35-A3C2-DA78A4D478CD}.Debug|Any CPU.Build.0 = Debug|Any CPU
		{8E560A9E-C768-4F35-A3C2-DA78A4D478CD}.Release|Any CPU.ActiveCfg = Release|Any CPU
		{8E560A9E-C768-4F35-A3C2-DA78A4D478CD}.Release|Any CPU.Build.0 = Release|Any CPU
		{EAEF21D7-0742-4263-A8AB-54317CF73C88}.Debug|Any CPU.ActiveCfg = Debug|Any CPU
		{EAEF21D7-0742-4263-A8AB-54317CF73C88}.Debug|Any CPU.Build.0 = Debug|Any CPU
		{EAEF21D7-0742-4263-A8AB-54317CF73C88}.Release|Any CPU.ActiveCfg = Release|Any CPU
		{EAEF21D7-0742-4263-A8AB-54317CF73C88}.Release|Any CPU.Build.0 = Release|Any CPU
		{6E702E36-49BD-41ED-A6DB-EEB955CB9687}.Debug|Any CPU.ActiveCfg = Debug|Any CPU
		{6E702E36-49BD-41ED-A6DB-EEB955CB9687}.Debug|Any CPU.Build.0 = Debug|Any CPU
		{6E702E36-49BD-41ED-A6DB-EEB955CB9687}.Release|Any CPU.ActiveCfg = Release|Any CPU
		{6E702E36-49BD-41ED-A6DB-EEB955CB9687}.Release|Any CPU.Build.0 = Release|Any CPU
		{DCA88D03-2AD7-4B82-BDA6-35B3A5895EB1}.Debug|Any CPU.ActiveCfg = Debug|Any CPU
		{DCA88D03-2AD7-4B82-BDA6-35B3A5895EB1}.Debug|Any CPU.Build.0 = Debug|Any CPU
		{DCA88D03-2AD7-4B82-BDA6-35B3A5895EB1}.Release|Any CPU.ActiveCfg = Release|Any CPU
		{DCA88D03-2AD7-4B82-BDA6-35B3A5895EB1}.Release|Any CPU.Build.0 = Release|Any CPU
	EndGlobalSection
	GlobalSection(SolutionProperties) = preSolution
		HideSolutionNode = FALSE
	EndGlobalSection
	GlobalSection(NestedProjects) = preSolution
		{2B5B703D-DDD8-4D53-BF6B-9C6EEC3C6C68} = {7F1D0F3B-DA09-48EB-9EED-71E8E2809563}
		{11B215C1-C57C-4DAE-A7C9-132FA2EB54DF} = {7F1D0F3B-DA09-48EB-9EED-71E8E2809563}
		{976003C0-58BB-4617-9E25-29660F573DB9} = {7F1D0F3B-DA09-48EB-9EED-71E8E2809563}
		{404506D1-2A78-4068-B747-A815B510DA44} = {7F1D0F3B-DA09-48EB-9EED-71E8E2809563}
		{5B43BBC5-A3CA-4229-8D29-1E654ADC405C} = {7F1D0F3B-DA09-48EB-9EED-71E8E2809563}
		{77E7CC5C-A610-4DC5-A993-6C1BF5DBB3A1} = {7F1D0F3B-DA09-48EB-9EED-71E8E2809563}
		{0D79F0D7-7C58-49BA-BC72-E3DA2DEA57D8} = {9D3E84FE-CAFE-4209-A718-F8C9AF249E5B}
		{4131096F-C873-41AE-BBCA-63D9C7ECA5D9} = {9D3E84FE-CAFE-4209-A718-F8C9AF249E5B}
		{8E560A9E-C768-4F35-A3C2-DA78A4D478CD} = {9D3E84FE-CAFE-4209-A718-F8C9AF249E5B}
		{EAEF21D7-0742-4263-A8AB-54317CF73C88} = {9D3E84FE-CAFE-4209-A718-F8C9AF249E5B}
		{6E702E36-49BD-41ED-A6DB-EEB955CB9687} = {9D3E84FE-CAFE-4209-A718-F8C9AF249E5B}
		{DCA88D03-2AD7-4B82-BDA6-35B3A5895EB1} = {9D3E84FE-CAFE-4209-A718-F8C9AF249E5B}
	EndGlobalSection
	GlobalSection(ExtensibilityGlobals) = postSolution
		SolutionGuid = {6809FDE4-BE07-4C91-9EB1-E10D6ECADFE5}
	EndGlobalSection
EndGlobal
